
Microsoft Visual Studio Solution File, Format Version 12.00
# Visual Studio Version 17
VisualStudioVersion = 17.7.34031.279
MinimumVisualStudioVersion = 10.0.40219.1
Project("{9A19103F-16F7-4668-BE54-9A1E7A4F7556}") = "ConsoleApp1", "ConsoleApp1\ConsoleApp1.csproj", "{7C315480-4B1E-43F9-959B-D447E651DEAE}"
EndProject
Project("{FAE04EC0-301F-11D3-BF4B-00C04F79EFBC}") = "OOPClass", "OOPClass\OOPClass.csproj", "{BB3F0F20-75FA-453E-B1F9-DF2C559F5994}"
EndProject
Global
	GlobalSection(SolutionConfigurationPlatforms) = preSolution
		Debug|Any CPU = Debug|Any CPU
		Release|Any CPU = Release|Any CPU
	EndGlobalSection
	GlobalSection(ProjectConfigurationPlatforms) = postSolution
		{7C315480-4B1E-43F9-959B-D447E651DEAE}.Debug|Any CPU.ActiveCfg = Debug|Any CPU
		{7C315480-4B1E-43F9-959B-D447E651DEAE}.Debug|Any CPU.Build.0 = Debug|Any CPU
		{7C315480-4B1E-43F9-959B-D447E651DEAE}.Release|Any CPU.ActiveCfg = Release|Any CPU
		{7C315480-4B1E-43F9-959B-D447E651DEAE}.Release|Any CPU.Build.0 = Release|Any CPU
		{BB3F0F20-75FA-453E-B1F9-DF2C559F5994}.Debug|Any CPU.ActiveCfg = Debug|Any CPU
		{BB3F0F20-75FA-453E-B1F9-DF2C559F5994}.Debug|Any CPU.Build.0 = Debug|Any CPU
		{BB3F0F20-75FA-453E-B1F9-DF2C559F5994}.Release|Any CPU.ActiveCfg = Release|Any CPU
		{BB3F0F20-75FA-453E-B1F9-DF2C559F5994}.Release|Any CPU.Build.0 = Release|Any CPU
	EndGlobalSection
	GlobalSection(SolutionProperties) = preSolution
		HideSolutionNode = FALSE
	EndGlobalSection
	GlobalSection(ExtensibilityGlobals) = postSolution
		SolutionGuid = {FFFC68FF-84AF-463B-93CB-5B23236FDBB8}
	EndGlobalSection
EndGlobal
